{
  "name": "@walk8243/aicodec-pages",
  "version": "1.0.0",
  "lockfileVersion": 3,
  "requires": true,
  "packages": {
    "": {
      "name": "@walk8243/aicodec-pages",
      "version": "1.0.0",
      "license": "UNLICENSED",
      "workspaces": [
        "counter"
      ]
    },
    "counter": {
      "version": "1.0.0",
      "license": "MIT"
    },
    "node_modules/counter": {
      "resolved": "counter",
      "link": true
    }
  }
}
